
Microsoft Visual Studio Solution File, Format Version 12.00
# Visual Studio Version 16
VisualStudioVersion = 16.0.30309.148
MinimumVisualStudioVersion = 10.0.40219.1
Project("{9A19103F-16F7-4668-BE54-9A1E7A4F7556}") = "Listat", "Listat\Listat.csproj", "{A94C7537-297E-495E-A9F4-88503495D3A8}"
EndProject
Project("{9A19103F-16F7-4668-BE54-9A1E7A4F7556}") = "Test.Base", "test\Test.Base\Test.Base.csproj", "{BAFDF562-969F-4953-A95E-716A626015B9}"
EndProject
Project("{9A19103F-16F7-4668-BE54-9A1E7A4F7556}") = "Benchmark.Base", "test\Benchmark.Base\Benchmark.Base.csproj", "{7440CD09-D196-45CF-800A-6A8B5953FE89}"
EndProject
Global
	GlobalSection(SolutionConfigurationPlatforms) = preSolution
		Debug|Any CPU = Debug|Any CPU
		Release|Any CPU = Release|Any CPU
	EndGlobalSection
	GlobalSection(ProjectConfigurationPlatforms) = postSolution
		{A94C7537-297E-495E-A9F4-88503495D3A8}.Debug|Any CPU.ActiveCfg = Debug|Any CPU
		{A94C7537-297E-495E-A9F4-88503495D3A8}.Debug|Any CPU.Build.0 = Debug|Any CPU
		{A94C7537-297E-495E-A9F4-88503495D3A8}.Release|Any CPU.ActiveCfg = Release|Any CPU
		{A94C7537-297E-495E-A9F4-88503495D3A8}.Release|Any CPU.Build.0 = Release|Any CPU
		{BAFDF562-969F-4953-A95E-716A626015B9}.Debug|Any CPU.ActiveCfg = Debug|Any CPU
		{BAFDF562-969F-4953-A95E-716A626015B9}.Debug|Any CPU.Build.0 = Debug|Any CPU
		{BAFDF562-969F-4953-A95E-716A626015B9}.Release|Any CPU.ActiveCfg = Release|Any CPU
		{BAFDF562-969F-4953-A95E-716A626015B9}.Release|Any CPU.Build.0 = Release|Any CPU
		{7440CD09-D196-45CF-800A-6A8B5953FE89}.Debug|Any CPU.ActiveCfg = Debug|Any CPU
		{7440CD09-D196-45CF-800A-6A8B5953FE89}.Debug|Any CPU.Build.0 = Debug|Any CPU
		{7440CD09-D196-45CF-800A-6A8B5953FE89}.Release|Any CPU.ActiveCfg = Release|Any CPU
		{7440CD09-D196-45CF-800A-6A8B5953FE89}.Release|Any CPU.Build.0 = Release|Any CPU
	EndGlobalSection
	GlobalSection(SolutionProperties) = preSolution
		HideSolutionNode = FALSE
	EndGlobalSection
	GlobalSection(ExtensibilityGlobals) = postSolution
		SolutionGuid = {4FFE40C3-ACC2-4DC9-8A84-44F130028EEB}
	EndGlobalSection
EndGlobal
